
Microsoft Visual Studio Solution File, Format Version 12.00
# Visual Studio 15
VisualStudioVersion = 15.0.28010.2003
MinimumVisualStudioVersion = 10.0.40219.1
Project("{8BC9CEB8-8B4A-11D0-8D11-00A0C91BC942}") = "Task-1", "LTU-OOB-Labb3.vcxproj", "{FBF2E1BA-322D-4E9D-8206-AFDB209F36DA}"
EndProject
Project("{8BC9CEB8-8B4A-11D0-8D11-00A0C91BC942}") = "Task-2", "..\Task-2\Task-2.vcxproj", "{A1285EE2-F93D-4471-9996-6A40489AB2EA}"
EndProject
Global
	GlobalSection(SolutionConfigurationPlatforms) = preSolution
		Debug|x64 = Debug|x64
		Debug|x86 = Debug|x86
		Release|x64 = Release|x64
		Release|x86 = Release|x86
	EndGlobalSection
	GlobalSection(ProjectConfigurationPlatforms) = postSolution
		{FBF2E1BA-322D-4E9D-8206-AFDB209F36DA}.Debug|x64.ActiveCfg = Debug|x64
		{FBF2E1BA-322D-4E9D-8206-AFDB209F36DA}.Debug|x64.Build.0 = Debug|x64
		{FBF2E1BA-322D-4E9D-8206-AFDB209F36DA}.Debug|x86.ActiveCfg = Debug|Win32
		{FBF2E1BA-322D-4E9D-8206-AFDB209F36DA}.Debug|x86.Build.0 = Debug|Win32
		{FBF2E1BA-322D-4E9D-8206-AFDB209F36DA}.Release|x64.ActiveCfg = Release|x64
		{FBF2E1BA-322D-4E9D-8206-AFDB209F36DA}.Release|x64.Build.0 = Release|x64
		{FBF2E1BA-322D-4E9D-8206-AFDB209F36DA}.Release|x86.ActiveCfg = Release|Win32
		{FBF2E1BA-322D-4E9D-8206-AFDB209F36DA}.Release|x86.Build.0 = Release|Win32
		{A1285EE2-F93D-4471-9996-6A40489AB2EA}.Debug|x64.ActiveCfg = Debug|x64
		{A1285EE2-F93D-4471-9996-6A40489AB2EA}.Debug|x64.Build.0 = Debug|x64
		{A1285EE2-F93D-4471-9996-6A40489AB2EA}.Debug|x86.ActiveCfg = Debug|Win32
		{A1285EE2-F93D-4471-9996-6A40489AB2EA}.Debug|x86.Build.0 = Debug|Win32
		{A1285EE2-F93D-4471-9996-6A40489AB2EA}.Release|x64.ActiveCfg = Release|x64
		{A1285EE2-F93D-4471-9996-6A40489AB2EA}.Release|x64.Build.0 = Release|x64
		{A1285EE2-F93D-4471-9996-6A40489AB2EA}.Release|x86.ActiveCfg = Release|Win32
		{A1285EE2-F93D-4471-9996-6A40489AB2EA}.Release|x86.Build.0 = Release|Win32
	EndGlobalSection
	GlobalSection(SolutionProperties) = preSolution
		HideSolutionNode = FALSE
	EndGlobalSection
	GlobalSection(ExtensibilityGlobals) = postSolution
		SolutionGuid = {1E0F751B-983D-450C-9E0A-261934595BFB}
	EndGlobalSection
EndGlobal
